
Microsoft Visual Studio Solution File, Format Version 11.00
# Visual Studio 2010
Project("{8BC9CEB8-8B4A-11D0-8D11-00A0C91BC942}") = "oct15_2014", "oct15_2014\oct15_2014.vcxproj", "{1E7959F8-043B-4499-B47B-54D4E022DF7A}"
EndProject
Global
	GlobalSection(SolutionConfigurationPlatforms) = preSolution
		Debug|Win32 = Debug|Win32
		Release|Win32 = Release|Win32
	EndGlobalSection
	GlobalSection(ProjectConfigurationPlatforms) = postSolution
		{1E7959F8-043B-4499-B47B-54D4E022DF7A}.Debug|Win32.ActiveCfg = Debug|Win32
		{1E7959F8-043B-4499-B47B-54D4E022DF7A}.Debug|Win32.Build.0 = Debug|Win32
		{1E7959F8-043B-4499-B47B-54D4E022DF7A}.Release|Win32.ActiveCfg = Release|Win32
		{1E7959F8-043B-4499-B47B-54D4E022DF7A}.Release|Win32.Build.0 = Release|Win32
	EndGlobalSection
	GlobalSection(SolutionProperties) = preSolution
		HideSolutionNode = FALSE
	EndGlobalSection
EndGlobal
