
Microsoft Visual Studio Solution File, Format Version 11.00
# Visual Studio 2010
Project("{FAE04EC0-301F-11D3-BF4B-00C04F79EFBC}") = "oct20DataBinding", "oct20DataBinding\oct20DataBinding.csproj", "{F5F337B6-CE51-48A1-877B-B0C1FFDF68A4}"
EndProject
Global
	GlobalSection(SolutionConfigurationPlatforms) = preSolution
		Debug|Any CPU = Debug|Any CPU
		Release|Any CPU = Release|Any CPU
	EndGlobalSection
	GlobalSection(ProjectConfigurationPlatforms) = postSolution
		{F5F337B6-CE51-48A1-877B-B0C1FFDF68A4}.Debug|Any CPU.ActiveCfg = Debug|Any CPU
		{F5F337B6-CE51-48A1-877B-B0C1FFDF68A4}.Debug|Any CPU.Build.0 = Debug|Any CPU
		{F5F337B6-CE51-48A1-877B-B0C1FFDF68A4}.Debug|Any CPU.Deploy.0 = Debug|Any CPU
		{F5F337B6-CE51-48A1-877B-B0C1FFDF68A4}.Release|Any CPU.ActiveCfg = Release|Any CPU
		{F5F337B6-CE51-48A1-877B-B0C1FFDF68A4}.Release|Any CPU.Build.0 = Release|Any CPU
		{F5F337B6-CE51-48A1-877B-B0C1FFDF68A4}.Release|Any CPU.Deploy.0 = Release|Any CPU
	EndGlobalSection
	GlobalSection(SolutionProperties) = preSolution
		HideSolutionNode = FALSE
	EndGlobalSection
EndGlobal
